
Microsoft Visual Studio Solution File, Format Version 12.00
# Visual Studio Version 17
VisualStudioVersion = 17.14.37027.9
MinimumVisualStudioVersion = 10.0.40219.1
Project("{FAE04EC0-301F-11D3-BF4B-00C04F79EFBC}") = "DocumentArchiever", "DocumentArchiever.csproj", "{E0BE44AC-7D77-87BC-DCCB-BB7ACA9C9551}"
EndProject
Project("{FAE04EC0-301F-11D3-BF4B-00C04F79EFBC}") = "NTwain", "..\ntwain-4\src\NTwain\NTwain.csproj", "{F83D5542-2CDD-152A-9B5C-5CAD2EB7FAEB}"
EndProject
Global
	GlobalSection(SolutionConfigurationPlatforms) = preSolution
		Debug|Any CPU = Debug|Any CPU
		Release|Any CPU = Release|Any CPU
	EndGlobalSection
	GlobalSection(ProjectConfigurationPlatforms) = postSolution
		{E0BE44AC-7D77-87BC-DCCB-BB7ACA9C9551}.Debug|Any CPU.ActiveCfg = Debug|Any CPU
		{E0BE44AC-7D77-87BC-DCCB-BB7ACA9C9551}.Debug|Any CPU.Build.0 = Debug|Any CPU
		{E0BE44AC-7D77-87BC-DCCB-BB7ACA9C9551}.Release|Any CPU.ActiveCfg = Release|Any CPU
		{E0BE44AC-7D77-87BC-DCCB-BB7ACA9C9551}.Release|Any CPU.Build.0 = Release|Any CPU
		{F83D5542-2CDD-152A-9B5C-5CAD2EB7FAEB}.Debug|Any CPU.ActiveCfg = Debug|Any CPU
		{F83D5542-2CDD-152A-9B5C-5CAD2EB7FAEB}.Debug|Any CPU.Build.0 = Debug|Any CPU
		{F83D5542-2CDD-152A-9B5C-5CAD2EB7FAEB}.Release|Any CPU.ActiveCfg = Release|Any CPU
		{F83D5542-2CDD-152A-9B5C-5CAD2EB7FAEB}.Release|Any CPU.Build.0 = Release|Any CPU
	EndGlobalSection
	GlobalSection(SolutionProperties) = preSolution
		HideSolutionNode = FALSE
	EndGlobalSection
	GlobalSection(ExtensibilityGlobals) = postSolution
		SolutionGuid = {955E3BC7-8C80-4C95-9281-575B9AA87A33}
	EndGlobalSection
EndGlobal
